
Microsoft Visual Studio Solution File, Format Version 12.00
# Visual Studio Version 16
VisualStudioVersion = 16.0.31321.278
MinimumVisualStudioVersion = 10.0.40219.1
Project("{FAE04EC0-301F-11D3-BF4B-00C04F79EFBC}") = "LibraryManagementSystem", "LibraryManagementSystem\LibraryManagementSystem.csproj", "{A2EE5139-0F58-451B-99E1-3475AA7B24BC}"
EndProject
Global
	GlobalSection(SolutionConfigurationPlatforms) = preSolution
		Debug|Any CPU = Debug|Any CPU
		Release|Any CPU = Release|Any CPU
	EndGlobalSection
	GlobalSection(ProjectConfigurationPlatforms) = postSolution
		{A2EE5139-0F58-451B-99E1-3475AA7B24BC}.Debug|Any CPU.ActiveCfg = Debug|Any CPU
		{A2EE5139-0F58-451B-99E1-3475AA7B24BC}.Debug|Any CPU.Build.0 = Debug|Any CPU
		{A2EE5139-0F58-451B-99E1-3475AA7B24BC}.Release|Any CPU.ActiveCfg = Release|Any CPU
		{A2EE5139-0F58-451B-99E1-3475AA7B24BC}.Release|Any CPU.Build.0 = Release|Any CPU
	EndGlobalSection
	GlobalSection(SolutionProperties) = preSolution
		HideSolutionNode = FALSE
	EndGlobalSection
	GlobalSection(ExtensibilityGlobals) = postSolution
		SolutionGuid = {AA3771D0-8B2C-4C24-886B-28CBEAA3F6E3}
	EndGlobalSection
EndGlobal
